
Microsoft Visual Studio Solution File, Format Version 12.00
# Visual Studio 2013
VisualStudioVersion = 12.0.21005.1
MinimumVisualStudioVersion = 10.0.40219.1
Project("{FAE04EC0-301F-11D3-BF4B-00C04F79EFBC}") = "monopoly.tester", "monopoly.tester\monopoly.tester.csproj", "{0702D0D8-D67C-41D0-953A-42EBC8D66962}"
EndProject
Project("{FAE04EC0-301F-11D3-BF4B-00C04F79EFBC}") = "monopoly.client", "monopoly.client\monopoly.client.csproj", "{E376B8A6-0F39-4D66-A815-BD1F5501F3C1}"
EndProject
Project("{FAE04EC0-301F-11D3-BF4B-00C04F79EFBC}") = "monopoly.logic", "monopoly.logic\monopoly.logic.csproj", "{831586B6-392C-45CE-93D1-7E43150B8C89}"
EndProject
Project("{FAE04EC0-301F-11D3-BF4B-00C04F79EFBC}") = "monopoly.server", "monopoly.server\monopoly.server.csproj", "{10A7F25B-19DF-4407-A3F2-466F6DC0AB14}"
EndProject
Project("{FAE04EC0-301F-11D3-BF4B-00C04F79EFBC}") = "monopoly.prototype.client", "monopoly.prototype.client\monopoly.prototype.client.csproj", "{DD7631AF-90EA-4318-9324-AAB17A3C592E}"
EndProject
Project("{FAE04EC0-301F-11D3-BF4B-00C04F79EFBC}") = "monopoly.prototype.logic", "monopoly.prototype.logic\monopoly.prototype.logic.csproj", "{F56DF209-9C8E-44A2-98F9-295650F983D5}"
EndProject
Project("{FAE04EC0-301F-11D3-BF4B-00C04F79EFBC}") = "monopoly.prototype.server", "monopoly.prototype.server\monopoly.prototype.server.csproj", "{10E80DEB-68D6-426A-BB1F-C8AF4CA9AD67}"
EndProject
Project("{FAE04EC0-301F-11D3-BF4B-00C04F79EFBC}") = "monopoly.prototype.tester", "monopoly.prototype.tester\monopoly.prototype.tester.csproj", "{A9BA8C12-07E5-450B-BCD3-6C83E896C941}"
EndProject
Project("{FAE04EC0-301F-11D3-BF4B-00C04F79EFBC}") = "monopoly.prototypeV2.logic", "monopoly.prototypeV2.logic\monopoly.prototypeV2.logic.csproj", "{A686CC82-77C6-48B1-B276-7B706B4ACFA4}"
EndProject
Project("{FAE04EC0-301F-11D3-BF4B-00C04F79EFBC}") = "monopoly.prototypeV2.server", "monopoly.prototypeV2.server\monopoly.prototypeV2.server.csproj", "{B35F22A3-3C30-4D1F-9346-60525D3B4AC3}"
EndProject
Project("{FAE04EC0-301F-11D3-BF4B-00C04F79EFBC}") = "monopoly.prototypeV2.tester", "monopoly.prototypeV2.tester\monopoly.prototypeV2.tester.csproj", "{061D9019-C5A1-437D-A177-E51FF9BCDEB7}"
EndProject
Project("{FAE04EC0-301F-11D3-BF4B-00C04F79EFBC}") = "monopoly.prototypeV2.client", "monopoly.prototypeV2.client\monopoly.prototypeV2.client.csproj", "{4FB4B321-C987-4834-8BBB-AE70B2858FD8}"
EndProject
Project("{F088123C-0E9E-452A-89E6-6BA2F21D5CAC}") = "monopoly.doc", "monopoly.doc\monopoly.doc.modelproj", "{7C1F3992-FA93-4DA4-817D-51516B1BF5CD}"
EndProject
Global
	GlobalSection(SolutionConfigurationPlatforms) = preSolution
		Debug|Any CPU = Debug|Any CPU
		Release|Any CPU = Release|Any CPU
	EndGlobalSection
	GlobalSection(ProjectConfigurationPlatforms) = postSolution
		{0702D0D8-D67C-41D0-953A-42EBC8D66962}.Debug|Any CPU.ActiveCfg = Debug|Any CPU
		{0702D0D8-D67C-41D0-953A-42EBC8D66962}.Debug|Any CPU.Build.0 = Debug|Any CPU
		{0702D0D8-D67C-41D0-953A-42EBC8D66962}.Release|Any CPU.ActiveCfg = Release|Any CPU
		{0702D0D8-D67C-41D0-953A-42EBC8D66962}.Release|Any CPU.Build.0 = Release|Any CPU
		{E376B8A6-0F39-4D66-A815-BD1F5501F3C1}.Debug|Any CPU.ActiveCfg = Debug|Any CPU
		{E376B8A6-0F39-4D66-A815-BD1F5501F3C1}.Debug|Any CPU.Build.0 = Debug|Any CPU
		{E376B8A6-0F39-4D66-A815-BD1F5501F3C1}.Release|Any CPU.ActiveCfg = Release|Any CPU
		{E376B8A6-0F39-4D66-A815-BD1F5501F3C1}.Release|Any CPU.Build.0 = Release|Any CPU
		{831586B6-392C-45CE-93D1-7E43150B8C89}.Debug|Any CPU.ActiveCfg = Debug|Any CPU
		{831586B6-392C-45CE-93D1-7E43150B8C89}.Debug|Any CPU.Build.0 = Debug|Any CPU
		{831586B6-392C-45CE-93D1-7E43150B8C89}.Release|Any CPU.ActiveCfg = Release|Any CPU
		{831586B6-392C-45CE-93D1-7E43150B8C89}.Release|Any CPU.Build.0 = Release|Any CPU
		{10A7F25B-19DF-4407-A3F2-466F6DC0AB14}.Debug|Any CPU.ActiveCfg = Debug|Any CPU
		{10A7F25B-19DF-4407-A3F2-466F6DC0AB14}.Debug|Any CPU.Build.0 = Debug|Any CPU
		{10A7F25B-19DF-4407-A3F2-466F6DC0AB14}.Release|Any CPU.ActiveCfg = Release|Any CPU
		{10A7F25B-19DF-4407-A3F2-466F6DC0AB14}.Release|Any CPU.Build.0 = Release|Any CPU
		{DD7631AF-90EA-4318-9324-AAB17A3C592E}.Debug|Any CPU.ActiveCfg = Debug|Any CPU
		{DD7631AF-90EA-4318-9324-AAB17A3C592E}.Debug|Any CPU.Build.0 = Debug|Any CPU
		{DD7631AF-90EA-4318-9324-AAB17A3C592E}.Release|Any CPU.ActiveCfg = Release|Any CPU
		{DD7631AF-90EA-4318-9324-AAB17A3C592E}.Release|Any CPU.Build.0 = Release|Any CPU
		{F56DF209-9C8E-44A2-98F9-295650F983D5}.Debug|Any CPU.ActiveCfg = Debug|Any CPU
		{F56DF209-9C8E-44A2-98F9-295650F983D5}.Debug|Any CPU.Build.0 = Debug|Any CPU
		{F56DF209-9C8E-44A2-98F9-295650F983D5}.Release|Any CPU.ActiveCfg = Release|Any CPU
		{F56DF209-9C8E-44A2-98F9-295650F983D5}.Release|Any CPU.Build.0 = Release|Any CPU
		{10E80DEB-68D6-426A-BB1F-C8AF4CA9AD67}.Debug|Any CPU.ActiveCfg = Debug|Any CPU
		{10E80DEB-68D6-426A-BB1F-C8AF4CA9AD67}.Debug|Any CPU.Build.0 = Debug|Any CPU
		{10E80DEB-68D6-426A-BB1F-C8AF4CA9AD67}.Release|Any CPU.ActiveCfg = Release|Any CPU
		{10E80DEB-68D6-426A-BB1F-C8AF4CA9AD67}.Release|Any CPU.Build.0 = Release|Any CPU
		{A9BA8C12-07E5-450B-BCD3-6C83E896C941}.Debug|Any CPU.ActiveCfg = Debug|Any CPU
		{A9BA8C12-07E5-450B-BCD3-6C83E896C941}.Debug|Any CPU.Build.0 = Debug|Any CPU
		{A9BA8C12-07E5-450B-BCD3-6C83E896C941}.Release|Any CPU.ActiveCfg = Release|Any CPU
		{A9BA8C12-07E5-450B-BCD3-6C83E896C941}.Release|Any CPU.Build.0 = Release|Any CPU
		{A686CC82-77C6-48B1-B276-7B706B4ACFA4}.Debug|Any CPU.ActiveCfg = Debug|Any CPU
		{A686CC82-77C6-48B1-B276-7B706B4ACFA4}.Debug|Any CPU.Build.0 = Debug|Any CPU
		{A686CC82-77C6-48B1-B276-7B706B4ACFA4}.Release|Any CPU.ActiveCfg = Release|Any CPU
		{A686CC82-77C6-48B1-B276-7B706B4ACFA4}.Release|Any CPU.Build.0 = Release|Any CPU
		{B35F22A3-3C30-4D1F-9346-60525D3B4AC3}.Debug|Any CPU.ActiveCfg = Debug|Any CPU
		{B35F22A3-3C30-4D1F-9346-60525D3B4AC3}.Debug|Any CPU.Build.0 = Debug|Any CPU
		{B35F22A3-3C30-4D1F-9346-60525D3B4AC3}.Release|Any CPU.ActiveCfg = Release|Any CPU
		{B35F22A3-3C30-4D1F-9346-60525D3B4AC3}.Release|Any CPU.Build.0 = Release|Any CPU
		{061D9019-C5A1-437D-A177-E51FF9BCDEB7}.Debug|Any CPU.ActiveCfg = Debug|Any CPU
		{061D9019-C5A1-437D-A177-E51FF9BCDEB7}.Debug|Any CPU.Build.0 = Debug|Any CPU
		{061D9019-C5A1-437D-A177-E51FF9BCDEB7}.Release|Any CPU.ActiveCfg = Release|Any CPU
		{061D9019-C5A1-437D-A177-E51FF9BCDEB7}.Release|Any CPU.Build.0 = Release|Any CPU
		{4FB4B321-C987-4834-8BBB-AE70B2858FD8}.Debug|Any CPU.ActiveCfg = Debug|Any CPU
		{4FB4B321-C987-4834-8BBB-AE70B2858FD8}.Debug|Any CPU.Build.0 = Debug|Any CPU
		{4FB4B321-C987-4834-8BBB-AE70B2858FD8}.Release|Any CPU.ActiveCfg = Release|Any CPU
		{4FB4B321-C987-4834-8BBB-AE70B2858FD8}.Release|Any CPU.Build.0 = Release|Any CPU
		{7C1F3992-FA93-4DA4-817D-51516B1BF5CD}.Debug|Any CPU.ActiveCfg = Debug|Any CPU
		{7C1F3992-FA93-4DA4-817D-51516B1BF5CD}.Debug|Any CPU.Build.0 = Debug|Any CPU
		{7C1F3992-FA93-4DA4-817D-51516B1BF5CD}.Release|Any CPU.ActiveCfg = Release|Any CPU
		{7C1F3992-FA93-4DA4-817D-51516B1BF5CD}.Release|Any CPU.Build.0 = Release|Any CPU
	EndGlobalSection
	GlobalSection(SolutionProperties) = preSolution
		HideSolutionNode = FALSE
	EndGlobalSection
EndGlobal
